{
  "version": 4,
  "terraform_version": "1.0.11",
  "serial": 7,
  "lineage": "69ac9264-788c-723b-5d75-a75d4efbc08a",
  "outputs": {
    "vault_admin_token": {
      "value": "s.y66NZvArbRc7hwHv6WXVLjK5.LJlsn",
      "type": "string",
      "sensitive": true
    },
    "vault_public_endpoint": {
      "value": "https://secured-pipelines-hcp-vault.vault.11eb0eb4-7e24-8bac-8aa6-0242ac110005.aws.hashicorp.cloud:8200",
      "type": "string"
    }
  },
  "resources": [
    {
      "mode": "managed",
      "type": "hcp_hvn",
      "name": "secured_pipelines_vault_hvn",
      "provider": "provider[\"registry.terraform.io/hashicorp/hcp\"]",
      "instances": [
        {
          "schema_version": 0,
          "attributes": {
            "cidr_block": "172.25.16.0/20",
            "cloud_provider": "aws",
            "created_at": "2022-04-21T10:23:30.000Z",
            "hvn_id": "secured-pipelines-vault-hvn",
            "id": "/project/11eb0eb4-7e24-8bac-8aa6-0242ac110005/hashicorp.network.hvn/secured-pipelines-vault-hvn",
            "organization_id": "11eb0eb4-7dcf-37f5-ae28-0242ac110003",
            "project_id": "11eb0eb4-7e24-8bac-8aa6-0242ac110005",
            "provider_account_id": "614224906876",
            "region": "eu-central-1",
            "self_link": "/project/11eb0eb4-7e24-8bac-8aa6-0242ac110005/hashicorp.network.hvn/secured-pipelines-vault-hvn",
            "timeouts": null
          },
          "sensitive_attributes": [],
          "private": "eyJlMmJmYjczMC1lY2FhLTExZTYtOGY4OC0zNDM2M2JjN2M0YzAiOnsiY3JlYXRlIjo2MDAwMDAwMDAwMDAsImRlZmF1bHQiOjYwMDAwMDAwMDAwLCJkZWxldGUiOjYwMDAwMDAwMDAwMCwicmVhZCI6NjAwMDAwMDAwMDAsInVwZGF0ZSI6NjAwMDAwMDAwMDB9fQ=="
        }
      ]
    },
    {
      "mode": "managed",
      "type": "hcp_vault_cluster",
      "name": "secured_pipelines_hcp_vault",
      "provider": "provider[\"registry.terraform.io/hashicorp/hcp\"]",
      "instances": [
        {
          "schema_version": 0,
          "attributes": {
            "cloud_provider": "aws",
            "cluster_id": "secured-pipelines-hcp-vault",
            "created_at": "2022-04-21T10:24:40.254Z",
            "hvn_id": "secured-pipelines-vault-hvn",
            "id": "/project/11eb0eb4-7e24-8bac-8aa6-0242ac110005/hashicorp.vault.cluster/secured-pipelines-hcp-vault",
            "min_vault_version": null,
            "namespace": "admin",
            "organization_id": "11eb0eb4-7dcf-37f5-ae28-0242ac110003",
            "paths_filter": null,
            "primary_link": null,
            "project_id": "11eb0eb4-7e24-8bac-8aa6-0242ac110005",
            "public_endpoint": true,
            "region": "eu-central-1",
            "self_link": "/project/11eb0eb4-7e24-8bac-8aa6-0242ac110005/hashicorp.vault.cluster/secured-pipelines-hcp-vault",
            "tier": "DEV",
            "timeouts": null,
            "vault_private_endpoint_url": "https://secured-pipelines-hcp-vault.private.vault.11eb0eb4-7e24-8bac-8aa6-0242ac110005.aws.hashicorp.cloud:8200",
            "vault_public_endpoint_url": "https://secured-pipelines-hcp-vault.vault.11eb0eb4-7e24-8bac-8aa6-0242ac110005.aws.hashicorp.cloud:8200",
            "vault_version": "v1.9.4"
          },
          "sensitive_attributes": [],
          "private": "eyJlMmJmYjczMC1lY2FhLTExZTYtOGY4OC0zNDM2M2JjN2M0YzAiOnsiY3JlYXRlIjoyMTAwMDAwMDAwMDAwLCJkZWZhdWx0IjozMDAwMDAwMDAwMDAsImRlbGV0ZSI6MTUwMDAwMDAwMDAwMCwicmVhZCI6MzAwMDAwMDAwMDAwLCJ1cGRhdGUiOjIxMDAwMDAwMDAwMDB9fQ==",
          "dependencies": [
            "hcp_hvn.secured_pipelines_vault_hvn"
          ]
        }
      ]
    },
    {
      "mode": "managed",
      "type": "hcp_vault_cluster_admin_token",
      "name": "vault_admin_token",
      "provider": "provider[\"registry.terraform.io/hashicorp/hcp\"]",
      "instances": [
        {
          "schema_version": 0,
          "attributes": {
            "cluster_id": "secured-pipelines-hcp-vault",
            "created_at": "2022-04-21T12:36:32+02:00",
            "id": "/project/11eb0eb4-7e24-8bac-8aa6-0242ac110005/hashicorp.vault.cluster/secured-pipelines-hcp-vault/token",
            "timeouts": null,
            "token": "s.y66NZvArbRc7hwHv6WXVLjK5.LJlsn"
          },
          "sensitive_attributes": [],
          "private": "eyJlMmJmYjczMC1lY2FhLTExZTYtOGY4OC0zNDM2M2JjN2M0YzAiOnsiY3JlYXRlIjozMDAwMDAwMDAwMDAsImRlbGV0ZSI6MzAwMDAwMDAwMDAwLCJyZWFkIjozMDAwMDAwMDAwMDB9fQ==",
          "dependencies": [
            "hcp_hvn.secured_pipelines_vault_hvn",
            "hcp_vault_cluster.secured_pipelines_hcp_vault"
          ]
        }
      ]
    }
  ]
}
